// !$*UTF8*$!
{
	archiveVersion = 1;
	classes = {
	};
	objectVersion = 50;
	objects = {

/* Begin PBXBuildFile section */
		EE61FF002445020E00D58E18 /* GitHubImage.png in Resources */ = {isa = PBXBuildFile; fileRef = EE61FEFF2445020D00D58E18 /* GitHubImage.png */; };
		EE9D08D7243AB4B900573802 /* globe.png in Resources */ = {isa = PBXBuildFile; fileRef = EE9D08D6243AB4B800573802 /* globe.png */; };
		EEF2BEA624258271000EB4CE /* AppDelegate.swift in Sources */ = {isa = PBXBuildFile; fileRef = EEF2BEA524258271000EB4CE /* AppDelegate.swift */; };
		EEF2BEA824258271000EB4CE /* SceneDelegate.swift in Sources */ = {isa = PBXBuildFile; fileRef = EEF2BEA724258271000EB4CE /* SceneDelegate.swift */; };
		EEF2BEAA24258271000EB4CE /* MainViewController.swift in Sources */ = {isa = PBXBuildFile; fileRef = EEF2BEA924258271000EB4CE /* MainViewController.swift */; };
		EEF2BEAF2425827C000EB4CE /* Assets.xcassets in Resources */ = {isa = PBXBuildFile; fileRef = EEF2BEAE2425827C000EB4CE /* Assets.xcassets */; };
		EEF2BEB22425827C000EB4CE /* LaunchScreen.storyboard in Resources */ = {isa = PBXBuildFile; fileRef = EEF2BEB02425827C000EB4CE /* LaunchScreen.storyboard */; };
		EEF2BEBC24268E81000EB4CE /* Github.swift in Sources */ = {isa = PBXBuildFile; fileRef = EEF2BEBB24268E81000EB4CE /* Github.swift */; };
		EEF2BEC024268F7D000EB4CE /* Main.storyboard in Resources */ = {isa = PBXBuildFile; fileRef = EEF2BEBF24268F7D000EB4CE /* Main.storyboard */; };
		EEF2BEC32426907F000EB4CE /* MainTableViewController.swift in Sources */ = {isa = PBXBuildFile; fileRef = EEF2BEC22426907F000EB4CE /* MainTableViewController.swift */; };
		EEF2BEC524269CBD000EB4CE /* REST.swift in Sources */ = {isa = PBXBuildFile; fileRef = EEF2BEC424269CBD000EB4CE /* REST.swift */; };
		EEF2BEC72436B55C000EB4CE /* GitHubTableViewCell.swift in Sources */ = {isa = PBXBuildFile; fileRef = EEF2BEC62436B55C000EB4CE /* GitHubTableViewCell.swift */; };
/* End PBXBuildFile section */

/* Begin PBXFileReference section */
		EE61FEFF2445020D00D58E18 /* GitHubImage.png */ = {isa = PBXFileReference; lastKnownFileType = image.png; name = GitHubImage.png; path = ../../../GitHubImage.png; sourceTree = "<group>"; };
		EE9D08D6243AB4B800573802 /* globe.png */ = {isa = PBXFileReference; lastKnownFileType = image.png; name = globe.png; path = "../../../../Downloads/Arquivos CampeoesDaCopa/globe.png"; sourceTree = "<group>"; };
		EEF2BEA224258271000EB4CE /* GitHubChallenge.app */ = {isa = PBXFileReference; explicitFileType = wrapper.application; includeInIndex = 0; path = GitHubChallenge.app; sourceTree = BUILT_PRODUCTS_DIR; };
		EEF2BEA524258271000EB4CE /* AppDelegate.swift */ = {isa = PBXFileReference; lastKnownFileType = sourcecode.swift; path = AppDelegate.swift; sourceTree = "<group>"; };
		EEF2BEA724258271000EB4CE /* SceneDelegate.swift */ = {isa = PBXFileReference; lastKnownFileType = sourcecode.swift; path = SceneDelegate.swift; sourceTree = "<group>"; };
		EEF2BEA924258271000EB4CE /* MainViewController.swift */ = {isa = PBXFileReference; lastKnownFileType = sourcecode.swift; path = MainViewController.swift; sourceTree = "<group>"; };
		EEF2BEAE2425827C000EB4CE /* Assets.xcassets */ = {isa = PBXFileReference; lastKnownFileType = folder.assetcatalog; path = Assets.xcassets; sourceTree = "<group>"; };
		EEF2BEB12425827C000EB4CE /* Base */ = {isa = PBXFileReference; lastKnownFileType = file.storyboard; name = Base; path = Base.lproj/LaunchScreen.storyboard; sourceTree = "<group>"; };
		EEF2BEB32425827C000EB4CE /* Info.plist */ = {isa = PBXFileReference; lastKnownFileType = text.plist.xml; path = Info.plist; sourceTree = "<group>"; };
		EEF2BEBB24268E81000EB4CE /* Github.swift */ = {isa = PBXFileReference; lastKnownFileType = sourcecode.swift; path = Github.swift; sourceTree = "<group>"; };
		EEF2BEBF24268F7D000EB4CE /* Main.storyboard */ = {isa = PBXFileReference; lastKnownFileType = file.storyboard; path = Main.storyboard; sourceTree = "<group>"; };
		EEF2BEC22426907F000EB4CE /* MainTableViewController.swift */ = {isa = PBXFileReference; lastKnownFileType = sourcecode.swift; path = MainTableViewController.swift; sourceTree = "<group>"; };
		EEF2BEC424269CBD000EB4CE /* REST.swift */ = {isa = PBXFileReference; lastKnownFileType = sourcecode.swift; path = REST.swift; sourceTree = "<group>"; };
		EEF2BEC62436B55C000EB4CE /* GitHubTableViewCell.swift */ = {isa = PBXFileReference; lastKnownFileType = sourcecode.swift; path = GitHubTableViewCell.swift; sourceTree = "<group>"; };
/* End PBXFileReference section */

/* Begin PBXFrameworksBuildPhase section */
		EEF2BE9F24258271000EB4CE /* Frameworks */ = {
			isa = PBXFrameworksBuildPhase;
			buildActionMask = 2147483647;
			files = (
			);
			runOnlyForDeploymentPostprocessing = 0;
		};
/* End PBXFrameworksBuildPhase section */

/* Begin PBXGroup section */
		EEF2BE9924258271000EB4CE = {
			isa = PBXGroup;
			children = (
				EEF2BEA424258271000EB4CE /* GitHubChallenge */,
				EEF2BEA324258271000EB4CE /* Products */,
			);
			sourceTree = "<group>";
		};
		EEF2BEA324258271000EB4CE /* Products */ = {
			isa = PBXGroup;
			children = (
				EEF2BEA224258271000EB4CE /* GitHubChallenge.app */,
			);
			name = Products;
			sourceTree = "<group>";
		};
		EEF2BEA424258271000EB4CE /* GitHubChallenge */ = {
			isa = PBXGroup;
			children = (
				EE9D08D6243AB4B800573802 /* globe.png */,
				EE61FEFF2445020D00D58E18 /* GitHubImage.png */,
				EEF2BEA524258271000EB4CE /* AppDelegate.swift */,
				EEF2BEA724258271000EB4CE /* SceneDelegate.swift */,
				EEF2BEAE2425827C000EB4CE /* Assets.xcassets */,
				EEF2BEB32425827C000EB4CE /* Info.plist */,
				EEF2BEBD24268E89000EB4CE /* Models */,
				EEF2BEBE24268F27000EB4CE /* View */,
				EEF2BEC124268FE1000EB4CE /* Controllers */,
			);
			path = GitHubChallenge;
			sourceTree = "<group>";
		};
		EEF2BEBD24268E89000EB4CE /* Models */ = {
			isa = PBXGroup;
			children = (
				EEF2BEBB24268E81000EB4CE /* Github.swift */,
				EEF2BEC424269CBD000EB4CE /* REST.swift */,
			);
			path = Models;
			sourceTree = "<group>";
		};
		EEF2BEBE24268F27000EB4CE /* View */ = {
			isa = PBXGroup;
			children = (
				EEF2BEBF24268F7D000EB4CE /* Main.storyboard */,
				EEF2BEB02425827C000EB4CE /* LaunchScreen.storyboard */,
			);
			path = View;
			sourceTree = "<group>";
		};
		EEF2BEC124268FE1000EB4CE /* Controllers */ = {
			isa = PBXGroup;
			children = (
				EEF2BEA924258271000EB4CE /* MainViewController.swift */,
				EEF2BEC22426907F000EB4CE /* MainTableViewController.swift */,
				EEF2BEC62436B55C000EB4CE /* GitHubTableViewCell.swift */,
			);
			path = Controllers;
			sourceTree = "<group>";
		};
/* End PBXGroup section */

/* Begin PBXNativeTarget section */
		EEF2BEA124258271000EB4CE /* GitHubChallenge */ = {
			isa = PBXNativeTarget;
			buildConfigurationList = EEF2BEB62425827C000EB4CE /* Build configuration list for PBXNativeTarget "GitHubChallenge" */;
			buildPhases = (
				EEF2BE9E24258271000EB4CE /* Sources */,
				EEF2BE9F24258271000EB4CE /* Frameworks */,
				EEF2BEA024258271000EB4CE /* Resources */,
			);
			buildRules = (
			);
			dependencies = (
			);
			name = GitHubChallenge;
			productName = GitHubChallenge;
			productReference = EEF2BEA224258271000EB4CE /* GitHubChallenge.app */;
			productType = "com.apple.product-type.application";
		};
/* End PBXNativeTarget section */

/* Begin PBXProject section */
		EEF2BE9A24258271000EB4CE /* Project object */ = {
			isa = PBXProject;
			attributes = {
				LastSwiftUpdateCheck = 1130;
				LastUpgradeCheck = 1130;
				ORGANIZATIONNAME = "Kaique Alves";
				TargetAttributes = {
					EEF2BEA124258271000EB4CE = {
						CreatedOnToolsVersion = 11.3.1;
					};
				};
			};
			buildConfigurationList = EEF2BE9D24258271000EB4CE /* Build configuration list for PBXProject "GitHubChallenge" */;
			compatibilityVersion = "Xcode 9.3";
			developmentRegion = en;
			hasScannedForEncodings = 0;
			knownRegions = (
				en,
				Base,
			);
			mainGroup = EEF2BE9924258271000EB4CE;
			productRefGroup = EEF2BEA324258271000EB4CE /* Products */;
			projectDirPath = "";
			projectRoot = "";
			targets = (
				EEF2BEA124258271000EB4CE /* GitHubChallenge */,
			);
		};
/* End PBXProject section */

/* Begin PBXResourcesBuildPhase section */
		EEF2BEA024258271000EB4CE /* Resources */ = {
			isa = PBXResourcesBuildPhase;
			buildActionMask = 2147483647;
			files = (
				EEF2BEB22425827C000EB4CE /* LaunchScreen.storyboard in Resources */,
				EE9D08D7243AB4B900573802 /* globe.png in Resources */,
				EEF2BEAF2425827C000EB4CE /* Assets.xcassets in Resources */,
				EE61FF002445020E00D58E18 /* GitHubImage.png in Resources */,
				EEF2BEC024268F7D000EB4CE /* Main.storyboard in Resources */,
			);
			runOnlyForDeploymentPostprocessing = 0;
		};
/* End PBXResourcesBuildPhase section */

/* Begin PBXSourcesBuildPhase section */
		EEF2BE9E24258271000EB4CE /* Sources */ = {
			isa = PBXSourcesBuildPhase;
			buildActionMask = 2147483647;
			files = (
				EEF2BEC72436B55C000EB4CE /* GitHubTableViewCell.swift in Sources */,
				EEF2BEAA24258271000EB4CE /* MainViewController.swift in Sources */,
				EEF2BEC524269CBD000EB4CE /* REST.swift in Sources */,
				EEF2BEA624258271000EB4CE /* AppDelegate.swift in Sources */,
				EEF2BEBC24268E81000EB4CE /* Github.swift in Sources */,
				EEF2BEC32426907F000EB4CE /* MainTableViewController.swift in Sources */,
				EEF2BEA824258271000EB4CE /* SceneDelegate.swift in Sources */,
			);
			runOnlyForDeploymentPostprocessing = 0;
		};
/* End PBXSourcesBuildPhase section */

/* Begin PBXVariantGroup section */
		EEF2BEB02425827C000EB4CE /* LaunchScreen.storyboard */ = {
			isa = PBXVariantGroup;
			children = (
				EEF2BEB12425827C000EB4CE /* Base */,
			);
			name = LaunchScreen.storyboard;
			sourceTree = "<group>";
		};
/* End PBXVariantGroup section */

/* Begin XCBuildConfiguration section */
		EEF2BEB42425827C000EB4CE /* Debug */ = {
			isa = XCBuildConfiguration;
			buildSettings = {
				ALWAYS_SEARCH_USER_PATHS = NO;
				CLANG_ANALYZER_NONNULL = YES;
				CLANG_ANALYZER_NUMBER_OBJECT_CONVERSION = YES_AGGRESSIVE;
				CLANG_CXX_LANGUAGE_STANDARD = "gnu++14";
				CLANG_CXX_LIBRARY = "libc++";
				CLANG_ENABLE_MODULES = YES;
				CLANG_ENABLE_OBJC_ARC = YES;
				CLANG_ENABLE_OBJC_WEAK = YES;
				CLANG_WARN_BLOCK_CAPTURE_AUTORELEASING = YES;
				CLANG_WARN_BOOL_CONVERSION = YES;
				CLANG_WARN_COMMA = YES;
				CLANG_WARN_CONSTANT_CONVERSION = YES;
				CLANG_WARN_DEPRECATED_OBJC_IMPLEMENTATIONS = YES;
				CLANG_WARN_DIRECT_OBJC_ISA_USAGE = YES_ERROR;
				CLANG_WARN_DOCUMENTATION_COMMENTS = YES;
				CLANG_WARN_EMPTY_BODY = YES;
				CLANG_WARN_ENUM_CONVERSION = YES;
				CLANG_WARN_INFINITE_RECURSION = YES;
				CLANG_WARN_INT_CONVERSION = YES;
				CLANG_WARN_NON_LITERAL_NULL_CONVERSION = YES;
				CLANG_WARN_OBJC_IMPLICIT_RETAIN_SELF = YES;
				CLANG_WARN_OBJC_LITERAL_CONVERSION = YES;
				CLANG_WARN_OBJC_ROOT_CLASS = YES_ERROR;
				CLANG_WARN_RANGE_LOOP_ANALYSIS = YES;
				CLANG_WARN_STRICT_PROTOTYPES = YES;
				CLANG_WARN_SUSPICIOUS_MOVE = YES;
				CLANG_WARN_UNGUARDED_AVAILABILITY = YES_AGGRESSIVE;
				CLANG_WARN_UNREACHABLE_CODE = YES;
				CLANG_WARN__DUPLICATE_METHOD_MATCH = YES;
				COPY_PHASE_STRIP = NO;
				DEBUG_INFORMATION_FORMAT = dwarf;
				ENABLE_STRICT_OBJC_MSGSEND = YES;
				ENABLE_TESTABILITY = YES;
				GCC_C_LANGUAGE_STANDARD = gnu11;
				GCC_DYNAMIC_NO_PIC = NO;
				GCC_NO_COMMON_BLOCKS = YES;
				GCC_OPTIMIZATION_LEVEL = 0;
				GCC_PREPROCESSOR_DEFINITIONS = (
					"DEBUG=1",
					"$(inherited)",
				);
				GCC_WARN_64_TO_32_BIT_CONVERSION = YES;
				GCC_WARN_ABOUT_RETURN_TYPE = YES_ERROR;
				GCC_WARN_UNDECLARED_SELECTOR = YES;
				GCC_WARN_UNINITIALIZED_AUTOS = YES_AGGRESSIVE;
				GCC_WARN_UNUSED_FUNCTION = YES;
				GCC_WARN_UNUSED_VARIABLE = YES;
				IPHONEOS_DEPLOYMENT_TARGET = 13.2;
				MTL_ENABLE_DEBUG_INFO = INCLUDE_SOURCE;
				MTL_FAST_MATH = YES;
				ONLY_ACTIVE_ARCH = YES;
				SDKROOT = iphoneos;
				SWIFT_ACTIVE_COMPILATION_CONDITIONS = DEBUG;
				SWIFT_OPTIMIZATION_LEVEL = "-Onone";
			};
			name = Debug;
		};
		EEF2BEB52425827C000EB4CE /* Release */ = {
			isa = XCBuildConfiguration;
			buildSettings = {
				ALWAYS_SEARCH_USER_PATHS = NO;
				CLANG_ANALYZER_NONNULL = YES;
				CLANG_ANALYZER_NUMBER_OBJECT_CONVERSION = YES_AGGRESSIVE;
				CLANG_CXX_LANGUAGE_STANDARD = "gnu++14";
				CLANG_CXX_LIBRARY = "libc++";
				CLANG_ENABLE_MODULES = YES;
				CLANG_ENABLE_OBJC_ARC = YES;
				CLANG_ENABLE_OBJC_WEAK = YES;
				CLANG_WARN_BLOCK_CAPTURE_AUTORELEASING = YES;
				CLANG_WARN_BOOL_CONVERSION = YES;
				CLANG_WARN_COMMA = YES;
				CLANG_WARN_CONSTANT_CONVERSION = YES;
				CLANG_WARN_DEPRECATED_OBJC_IMPLEMENTATIONS = YES;
				CLANG_WARN_DIRECT_OBJC_ISA_USAGE = YES_ERROR;
				CLANG_WARN_DOCUMENTATION_COMMENTS = YES;
				CLANG_WARN_EMPTY_BODY = YES;
				CLANG_WARN_ENUM_CONVERSION = YES;
				CLANG_WARN_INFINITE_RECURSION = YES;
				CLANG_WARN_INT_CONVERSION = YES;
				CLANG_WARN_NON_LITERAL_NULL_CONVERSION = YES;
				CLANG_WARN_OBJC_IMPLICIT_RETAIN_SELF = YES;
				CLANG_WARN_OBJC_LITERAL_CONVERSION = YES;
				CLANG_WARN_OBJC_ROOT_CLASS = YES_ERROR;
				CLANG_WARN_RANGE_LOOP_ANALYSIS = YES;
				CLANG_WARN_STRICT_PROTOTYPES = YES;
				CLANG_WARN_SUSPICIOUS_MOVE = YES;
				CLANG_WARN_UNGUARDED_AVAILABILITY = YES_AGGRESSIVE;
				CLANG_WARN_UNREACHABLE_CODE = YES;
				CLANG_WARN__DUPLICATE_METHOD_MATCH = YES;
				COPY_PHASE_STRIP = NO;
				DEBUG_INFORMATION_FORMAT = "dwarf-with-dsym";
				ENABLE_NS_ASSERTIONS = NO;
				ENABLE_STRICT_OBJC_MSGSEND = YES;
				GCC_C_LANGUAGE_STANDARD = gnu11;
				GCC_NO_COMMON_BLOCKS = YES;
				GCC_WARN_64_TO_32_BIT_CONVERSION = YES;
				GCC_WARN_ABOUT_RETURN_TYPE = YES_ERROR;
				GCC_WARN_UNDECLARED_SELECTOR = YES;
				GCC_WARN_UNINITIALIZED_AUTOS = YES_AGGRESSIVE;
				GCC_WARN_UNUSED_FUNCTION = YES;
				GCC_WARN_UNUSED_VARIABLE = YES;
				IPHONEOS_DEPLOYMENT_TARGET = 13.2;
				MTL_ENABLE_DEBUG_INFO = NO;
				MTL_FAST_MATH = YES;
				SDKROOT = iphoneos;
				SWIFT_COMPILATION_MODE = wholemodule;
				SWIFT_OPTIMIZATION_LEVEL = "-O";
				VALIDATE_PRODUCT = YES;
			};
			name = Release;
		};
		EEF2BEB72425827C000EB4CE /* Debug */ = {
			isa = XCBuildConfiguration;
			buildSettings = {
				ASSETCATALOG_COMPILER_APPICON_NAME = AppIcon;
				CODE_SIGN_STYLE = Automatic;
				INFOPLIST_FILE = GitHubChallenge/Info.plist;
				LD_RUNPATH_SEARCH_PATHS = (
					"$(inherited)",
					"@executable_path/Frameworks",
				);
				PRODUCT_BUNDLE_IDENTIFIER = com.kaiquealves.GitHubChallenge;
				PRODUCT_NAME = "$(TARGET_NAME)";
				SWIFT_VERSION = 5.0;
				TARGETED_DEVICE_FAMILY = "1,2";
			};
			name = Debug;
		};
		EEF2BEB82425827C000EB4CE /* Release */ = {
			isa = XCBuildConfiguration;
			buildSettings = {
				ASSETCATALOG_COMPILER_APPICON_NAME = AppIcon;
				CODE_SIGN_STYLE = Automatic;
				INFOPLIST_FILE = GitHubChallenge/Info.plist;
				LD_RUNPATH_SEARCH_PATHS = (
					"$(inherited)",
					"@executable_path/Frameworks",
				);
				PRODUCT_BUNDLE_IDENTIFIER = com.kaiquealves.GitHubChallenge;
				PRODUCT_NAME = "$(TARGET_NAME)";
				SWIFT_VERSION = 5.0;
				TARGETED_DEVICE_FAMILY = "1,2";
			};
			name = Release;
		};
/* End XCBuildConfiguration section */

/* Begin XCConfigurationList section */
		EEF2BE9D24258271000EB4CE /* Build configuration list for PBXProject "GitHubChallenge" */ = {
			isa = XCConfigurationList;
			buildConfigurations = (
				EEF2BEB42425827C000EB4CE /* Debug */,
				EEF2BEB52425827C000EB4CE /* Release */,
			);
			defaultConfigurationIsVisible = 0;
			defaultConfigurationName = Release;
		};
		EEF2BEB62425827C000EB4CE /* Build configuration list for PBXNativeTarget "GitHubChallenge" */ = {
			isa = XCConfigurationList;
			buildConfigurations = (
				EEF2BEB72425827C000EB4CE /* Debug */,
				EEF2BEB82425827C000EB4CE /* Release */,
			);
			defaultConfigurationIsVisible = 0;
			defaultConfigurationName = Release;
		};
/* End XCConfigurationList section */
	};
	rootObject = EEF2BE9A24258271000EB4CE /* Project object */;
}
